
Microsoft Visual Studio Solution File, Format Version 12.00
# Visual Studio Version 17
VisualStudioVersion = 17.13.35806.99
MinimumVisualStudioVersion = 10.0.40219.1
Project("{FAE04EC0-301F-11D3-BF4B-00C04F79EFBC}") = "LibraryAPI", "LibraryAPI\LibraryAPI.csproj", "{CD61A1B8-4958-46A3-9E9E-630A90557A7F}"
EndProject
Project("{FAE04EC0-301F-11D3-BF4B-00C04F79EFBC}") = "Library.Domain", "Library.Domain\Library.Domain.csproj", "{F48FC3CA-4335-4E97-B561-E69DC82650E1}"
EndProject
Project("{FAE04EC0-301F-11D3-BF4B-00C04F79EFBC}") = "Library.Aplication", "Library.Aplication\Library.Aplication.csproj", "{3CB9DB2A-C1D1-444C-8F54-62757880A566}"
EndProject
Project("{FAE04EC0-301F-11D3-BF4B-00C04F79EFBC}") = "Library.Infrastructure", "Library.Infrastructure\Library.Infrastructure.csproj", "{92E16A35-928A-4F4D-9E97-D413D89933A6}"
EndProject
Project("{FAE04EC0-301F-11D3-BF4B-00C04F79EFBC}") = "Library.Tests", "Library.Tests\Library.Tests.csproj", "{375BE7A6-C839-4E56-988E-75FC4253E449}"
EndProject
Project("{FAE04EC0-301F-11D3-BF4B-00C04F79EFBC}") = "AuthApi", "AuthApi\AuthApi.csproj", "{BFE7E72C-DA5A-4EB5-804B-18D226A2F8B9}"
EndProject
Project("{FAE04EC0-301F-11D3-BF4B-00C04F79EFBC}") = "LibraryBot", "LibraryBot\LibraryBot.csproj", "{6991604D-4DA9-478B-8838-4C0B77E45FD8}"
EndProject
Global
	GlobalSection(SolutionConfigurationPlatforms) = preSolution
		Debug|Any CPU = Debug|Any CPU
		Release|Any CPU = Release|Any CPU
	EndGlobalSection
	GlobalSection(ProjectConfigurationPlatforms) = postSolution
		{CD61A1B8-4958-46A3-9E9E-630A90557A7F}.Debug|Any CPU.ActiveCfg = Debug|Any CPU
		{CD61A1B8-4958-46A3-9E9E-630A90557A7F}.Debug|Any CPU.Build.0 = Debug|Any CPU
		{CD61A1B8-4958-46A3-9E9E-630A90557A7F}.Release|Any CPU.ActiveCfg = Release|Any CPU
		{CD61A1B8-4958-46A3-9E9E-630A90557A7F}.Release|Any CPU.Build.0 = Release|Any CPU
		{F48FC3CA-4335-4E97-B561-E69DC82650E1}.Debug|Any CPU.ActiveCfg = Debug|Any CPU
		{F48FC3CA-4335-4E97-B561-E69DC82650E1}.Debug|Any CPU.Build.0 = Debug|Any CPU
		{F48FC3CA-4335-4E97-B561-E69DC82650E1}.Release|Any CPU.ActiveCfg = Release|Any CPU
		{F48FC3CA-4335-4E97-B561-E69DC82650E1}.Release|Any CPU.Build.0 = Release|Any CPU
		{3CB9DB2A-C1D1-444C-8F54-62757880A566}.Debug|Any CPU.ActiveCfg = Debug|Any CPU
		{3CB9DB2A-C1D1-444C-8F54-62757880A566}.Debug|Any CPU.Build.0 = Debug|Any CPU
		{3CB9DB2A-C1D1-444C-8F54-62757880A566}.Release|Any CPU.ActiveCfg = Release|Any CPU
		{3CB9DB2A-C1D1-444C-8F54-62757880A566}.Release|Any CPU.Build.0 = Release|Any CPU
		{92E16A35-928A-4F4D-9E97-D413D89933A6}.Debug|Any CPU.ActiveCfg = Debug|Any CPU
		{92E16A35-928A-4F4D-9E97-D413D89933A6}.Debug|Any CPU.Build.0 = Debug|Any CPU
		{92E16A35-928A-4F4D-9E97-D413D89933A6}.Release|Any CPU.ActiveCfg = Release|Any CPU
		{92E16A35-928A-4F4D-9E97-D413D89933A6}.Release|Any CPU.Build.0 = Release|Any CPU
		{375BE7A6-C839-4E56-988E-75FC4253E449}.Debug|Any CPU.ActiveCfg = Debug|Any CPU
		{375BE7A6-C839-4E56-988E-75FC4253E449}.Debug|Any CPU.Build.0 = Debug|Any CPU
		{375BE7A6-C839-4E56-988E-75FC4253E449}.Release|Any CPU.ActiveCfg = Release|Any CPU
		{375BE7A6-C839-4E56-988E-75FC4253E449}.Release|Any CPU.Build.0 = Release|Any CPU
		{BFE7E72C-DA5A-4EB5-804B-18D226A2F8B9}.Debug|Any CPU.ActiveCfg = Debug|Any CPU
		{BFE7E72C-DA5A-4EB5-804B-18D226A2F8B9}.Debug|Any CPU.Build.0 = Debug|Any CPU
		{BFE7E72C-DA5A-4EB5-804B-18D226A2F8B9}.Release|Any CPU.ActiveCfg = Release|Any CPU
		{BFE7E72C-DA5A-4EB5-804B-18D226A2F8B9}.Release|Any CPU.Build.0 = Release|Any CPU
		{6991604D-4DA9-478B-8838-4C0B77E45FD8}.Debug|Any CPU.ActiveCfg = Debug|Any CPU
		{6991604D-4DA9-478B-8838-4C0B77E45FD8}.Debug|Any CPU.Build.0 = Debug|Any CPU
		{6991604D-4DA9-478B-8838-4C0B77E45FD8}.Release|Any CPU.ActiveCfg = Release|Any CPU
		{6991604D-4DA9-478B-8838-4C0B77E45FD8}.Release|Any CPU.Build.0 = Release|Any CPU
	EndGlobalSection
	GlobalSection(SolutionProperties) = preSolution
		HideSolutionNode = FALSE
	EndGlobalSection
	GlobalSection(ExtensibilityGlobals) = postSolution
		SolutionGuid = {ED0AE61E-02BB-4879-9265-3BBECA31144E}
	EndGlobalSection
EndGlobal
